
Microsoft Visual Studio Solution File, Format Version 12.00
Project("{FAE04EC0-301F-11D3-BF4B-00C04F79EFBC}") = "Domain.Core", "Domain.Core\Domain.Core.csproj", "{952A3CDC-5E3E-40DD-A126-8E22FF5EC7A3}"
EndProject
Project("{FAE04EC0-301F-11D3-BF4B-00C04F79EFBC}") = "ProxyAPILevel", "ProxyAPILevel\ProxyAPILevel.csproj", "{21D3D01B-717B-4B4A-B80B-64F127CD3335}"
EndProject
Project("{FAE04EC0-301F-11D3-BF4B-00C04F79EFBC}") = "Infrastructure.Buisiness", "Infrastructure.Buisiness\Infrastructure.Buisiness.csproj", "{45E932A9-A505-46C1-A1C6-F7039CCEF6CC}"
EndProject
Project("{FAE04EC0-301F-11D3-BF4B-00C04F79EFBC}") = "Infrastructure.DATA", "Infrastructure.DATA\Infrastructure.DATA.csproj", "{8E717859-EA73-4462-ACFD-F5545E199B29}"
EndProject
Project("{2150E333-8FDC-42A3-9474-1A3956D46DE8}") = "Domain", "Domain", "{B6EA122D-3CA1-49FC-90FE-8CA4EB7B3F5B}"
EndProject
Project("{FAE04EC0-301F-11D3-BF4B-00C04F79EFBC}") = "Domain.Interfaces", "Domain.Interfaces\Domain.Interfaces.csproj", "{7A615802-AEDE-41CA-BC75-9742D0346A3A}"
EndProject
Project("{2150E333-8FDC-42A3-9474-1A3956D46DE8}") = "Infrastructure", "Infrastructure", "{2FA49607-C64B-485B-87BF-2BD31F074143}"
EndProject
Project("{2150E333-8FDC-42A3-9474-1A3956D46DE8}") = "APPLevel", "APPLevel", "{5BF3ADFD-C3D5-439D-B5C7-64C5694E3985}"
EndProject
Project("{FAE04EC0-301F-11D3-BF4B-00C04F79EFBC}") = "Domain.DTO", "Domain.DTO\Domain.DTO.csproj", "{EC07E970-FC03-4360-B64E-EF846942D22D}"
EndProject
Project("{2150E333-8FDC-42A3-9474-1A3956D46DE8}") = "Solution Items", "Solution Items", "{00760C3B-7703-4DB9-AEFF-46099BC1CB52}"
	ProjectSection(SolutionItems) = preProject
		compose.yaml = compose.yaml
	EndProjectSection
EndProject
Global
	GlobalSection(SolutionConfigurationPlatforms) = preSolution
		Debug|Any CPU = Debug|Any CPU
		Release|Any CPU = Release|Any CPU
	EndGlobalSection
	GlobalSection(ProjectConfigurationPlatforms) = postSolution
		{952A3CDC-5E3E-40DD-A126-8E22FF5EC7A3}.Debug|Any CPU.ActiveCfg = Debug|Any CPU
		{952A3CDC-5E3E-40DD-A126-8E22FF5EC7A3}.Debug|Any CPU.Build.0 = Debug|Any CPU
		{952A3CDC-5E3E-40DD-A126-8E22FF5EC7A3}.Release|Any CPU.ActiveCfg = Release|Any CPU
		{952A3CDC-5E3E-40DD-A126-8E22FF5EC7A3}.Release|Any CPU.Build.0 = Release|Any CPU
		{21D3D01B-717B-4B4A-B80B-64F127CD3335}.Debug|Any CPU.ActiveCfg = Debug|Any CPU
		{21D3D01B-717B-4B4A-B80B-64F127CD3335}.Debug|Any CPU.Build.0 = Debug|Any CPU
		{21D3D01B-717B-4B4A-B80B-64F127CD3335}.Release|Any CPU.ActiveCfg = Release|Any CPU
		{21D3D01B-717B-4B4A-B80B-64F127CD3335}.Release|Any CPU.Build.0 = Release|Any CPU
		{45E932A9-A505-46C1-A1C6-F7039CCEF6CC}.Debug|Any CPU.ActiveCfg = Debug|Any CPU
		{45E932A9-A505-46C1-A1C6-F7039CCEF6CC}.Debug|Any CPU.Build.0 = Debug|Any CPU
		{45E932A9-A505-46C1-A1C6-F7039CCEF6CC}.Release|Any CPU.ActiveCfg = Release|Any CPU
		{45E932A9-A505-46C1-A1C6-F7039CCEF6CC}.Release|Any CPU.Build.0 = Release|Any CPU
		{8E717859-EA73-4462-ACFD-F5545E199B29}.Debug|Any CPU.ActiveCfg = Debug|Any CPU
		{8E717859-EA73-4462-ACFD-F5545E199B29}.Debug|Any CPU.Build.0 = Debug|Any CPU
		{8E717859-EA73-4462-ACFD-F5545E199B29}.Release|Any CPU.ActiveCfg = Release|Any CPU
		{8E717859-EA73-4462-ACFD-F5545E199B29}.Release|Any CPU.Build.0 = Release|Any CPU
		{7A615802-AEDE-41CA-BC75-9742D0346A3A}.Debug|Any CPU.ActiveCfg = Debug|Any CPU
		{7A615802-AEDE-41CA-BC75-9742D0346A3A}.Debug|Any CPU.Build.0 = Debug|Any CPU
		{7A615802-AEDE-41CA-BC75-9742D0346A3A}.Release|Any CPU.ActiveCfg = Release|Any CPU
		{7A615802-AEDE-41CA-BC75-9742D0346A3A}.Release|Any CPU.Build.0 = Release|Any CPU
		{EC07E970-FC03-4360-B64E-EF846942D22D}.Debug|Any CPU.ActiveCfg = Debug|Any CPU
		{EC07E970-FC03-4360-B64E-EF846942D22D}.Debug|Any CPU.Build.0 = Debug|Any CPU
		{EC07E970-FC03-4360-B64E-EF846942D22D}.Release|Any CPU.ActiveCfg = Release|Any CPU
		{EC07E970-FC03-4360-B64E-EF846942D22D}.Release|Any CPU.Build.0 = Release|Any CPU
	EndGlobalSection
	GlobalSection(NestedProjects) = preSolution
		{952A3CDC-5E3E-40DD-A126-8E22FF5EC7A3} = {B6EA122D-3CA1-49FC-90FE-8CA4EB7B3F5B}
		{7A615802-AEDE-41CA-BC75-9742D0346A3A} = {B6EA122D-3CA1-49FC-90FE-8CA4EB7B3F5B}
		{8E717859-EA73-4462-ACFD-F5545E199B29} = {2FA49607-C64B-485B-87BF-2BD31F074143}
		{45E932A9-A505-46C1-A1C6-F7039CCEF6CC} = {2FA49607-C64B-485B-87BF-2BD31F074143}
		{21D3D01B-717B-4B4A-B80B-64F127CD3335} = {5BF3ADFD-C3D5-439D-B5C7-64C5694E3985}
		{EC07E970-FC03-4360-B64E-EF846942D22D} = {B6EA122D-3CA1-49FC-90FE-8CA4EB7B3F5B}
	EndGlobalSection
EndGlobal
